
Microsoft Visual Studio Solution File, Format Version 12.00
# Visual Studio Version 16
VisualStudioVersion = 16.0.29503.13
MinimumVisualStudioVersion = 10.0.40219.1
Project("{FAE04EC0-301F-11D3-BF4B-00C04F79EFBC}") = "Foodies", "Foodies\Foodies.csproj", "{6FAA03C7-7A4F-41CB-9B5E-3678845F80B6}"
EndProject
Global
	GlobalSection(SolutionConfigurationPlatforms) = preSolution
		Debug|Any CPU = Debug|Any CPU
		Release|Any CPU = Release|Any CPU
	EndGlobalSection
	GlobalSection(ProjectConfigurationPlatforms) = postSolution
		{6FAA03C7-7A4F-41CB-9B5E-3678845F80B6}.Debug|Any CPU.ActiveCfg = Debug|Any CPU
		{6FAA03C7-7A4F-41CB-9B5E-3678845F80B6}.Debug|Any CPU.Build.0 = Debug|Any CPU
		{6FAA03C7-7A4F-41CB-9B5E-3678845F80B6}.Release|Any CPU.ActiveCfg = Release|Any CPU
		{6FAA03C7-7A4F-41CB-9B5E-3678845F80B6}.Release|Any CPU.Build.0 = Release|Any CPU
	EndGlobalSection
	GlobalSection(SolutionProperties) = preSolution
		HideSolutionNode = FALSE
	EndGlobalSection
	GlobalSection(ExtensibilityGlobals) = postSolution
		SolutionGuid = {A48512F4-7907-48B8-A6B0-60301DE6723E}
	EndGlobalSection
EndGlobal
